
Microsoft Visual Studio Solution File, Format Version 12.00
# Visual Studio Version 17
VisualStudioVersion = 17.14.36015.10 d17.14
MinimumVisualStudioVersion = 10.0.40219.1
Project("{FAE04EC0-301F-11D3-BF4B-00C04F79EFBC}") = "Lab7", "Lab7\Lab7.csproj", "{EC110ED7-BADA-45DB-A6B7-DFF479FC9B8F}"
EndProject
Global
	GlobalSection(SolutionConfigurationPlatforms) = preSolution
		Debug|Any CPU = Debug|Any CPU
		Release|Any CPU = Release|Any CPU
	EndGlobalSection
	GlobalSection(ProjectConfigurationPlatforms) = postSolution
		{EC110ED7-BADA-45DB-A6B7-DFF479FC9B8F}.Debug|Any CPU.ActiveCfg = Debug|Any CPU
		{EC110ED7-BADA-45DB-A6B7-DFF479FC9B8F}.Debug|Any CPU.Build.0 = Debug|Any CPU
		{EC110ED7-BADA-45DB-A6B7-DFF479FC9B8F}.Release|Any CPU.ActiveCfg = Release|Any CPU
		{EC110ED7-BADA-45DB-A6B7-DFF479FC9B8F}.Release|Any CPU.Build.0 = Release|Any CPU
	EndGlobalSection
	GlobalSection(SolutionProperties) = preSolution
		HideSolutionNode = FALSE
	EndGlobalSection
	GlobalSection(ExtensibilityGlobals) = postSolution
		SolutionGuid = {842C77FF-239C-4A2E-9E23-28DEBF094EA2}
	EndGlobalSection
EndGlobal
